// !$*UTF8*$!
{
	archiveVersion = 1;
	classes = {
	};
	objectVersion = 55;
	objects = {

/* Begin PBXBuildFile section */
		87801D8C287DE3D30019F3E1 /* AppDelegate.swift in Sources */ = {isa = PBXBuildFile; fileRef = 87801D8B287DE3D30019F3E1 /* AppDelegate.swift */; };
		87801D8E287DE3D30019F3E1 /* SceneDelegate.swift in Sources */ = {isa = PBXBuildFile; fileRef = 87801D8D287DE3D30019F3E1 /* SceneDelegate.swift */; };
		87801D90287DE3D30019F3E1 /* ViewController.swift in Sources */ = {isa = PBXBuildFile; fileRef = 87801D8F287DE3D30019F3E1 /* ViewController.swift */; };
		87801D93287DE3D30019F3E1 /* Main.storyboard in Resources */ = {isa = PBXBuildFile; fileRef = 87801D91287DE3D30019F3E1 /* Main.storyboard */; };
		87801D96287DE3D30019F3E1 /* TodoList.xcdatamodeld in Sources */ = {isa = PBXBuildFile; fileRef = 87801D94287DE3D30019F3E1 /* TodoList.xcdatamodeld */; };
		87801D98287DE3D40019F3E1 /* Assets.xcassets in Resources */ = {isa = PBXBuildFile; fileRef = 87801D97287DE3D40019F3E1 /* Assets.xcassets */; };
		87801D9B287DE3D40019F3E1 /* LaunchScreen.storyboard in Resources */ = {isa = PBXBuildFile; fileRef = 87801D99287DE3D40019F3E1 /* LaunchScreen.storyboard */; };
		87801DA3287F21100019F3E1 /* TableViewController.swift in Sources */ = {isa = PBXBuildFile; fileRef = 87801DA2287F21100019F3E1 /* TableViewController.swift */; };
		87801DA5287F25700019F3E1 /* TableViewCell.swift in Sources */ = {isa = PBXBuildFile; fileRef = 87801DA4287F25700019F3E1 /* TableViewCell.swift */; };
		87801DAA288028B30019F3E1 /* ColorData.swift in Sources */ = {isa = PBXBuildFile; fileRef = 87801DA9288028B30019F3E1 /* ColorData.swift */; };
		87801DAC28802C440019F3E1 /* CategoryData.swift in Sources */ = {isa = PBXBuildFile; fileRef = 87801DAB28802C440019F3E1 /* CategoryData.swift */; };
		87801DAE288133A40019F3E1 /* ItemTableViewController.swift in Sources */ = {isa = PBXBuildFile; fileRef = 87801DAD288133A40019F3E1 /* ItemTableViewController.swift */; };
		87801DB0288133B70019F3E1 /* ItemTableViewCell.swift in Sources */ = {isa = PBXBuildFile; fileRef = 87801DAF288133B70019F3E1 /* ItemTableViewCell.swift */; };
		87801DB2288134C20019F3E1 /* ItemData.swift in Sources */ = {isa = PBXBuildFile; fileRef = 87801DB1288134C20019F3E1 /* ItemData.swift */; };
/* End PBXBuildFile section */

/* Begin PBXFileReference section */
		87801D88287DE3D30019F3E1 /* TodoList.app */ = {isa = PBXFileReference; explicitFileType = wrapper.application; includeInIndex = 0; path = TodoList.app; sourceTree = BUILT_PRODUCTS_DIR; };
		87801D8B287DE3D30019F3E1 /* AppDelegate.swift */ = {isa = PBXFileReference; lastKnownFileType = sourcecode.swift; path = AppDelegate.swift; sourceTree = "<group>"; };
		87801D8D287DE3D30019F3E1 /* SceneDelegate.swift */ = {isa = PBXFileReference; lastKnownFileType = sourcecode.swift; path = SceneDelegate.swift; sourceTree = "<group>"; };
		87801D8F287DE3D30019F3E1 /* ViewController.swift */ = {isa = PBXFileReference; lastKnownFileType = sourcecode.swift; path = ViewController.swift; sourceTree = "<group>"; };
		87801D92287DE3D30019F3E1 /* Base */ = {isa = PBXFileReference; lastKnownFileType = file.storyboard; name = Base; path = Base.lproj/Main.storyboard; sourceTree = "<group>"; };
		87801D95287DE3D30019F3E1 /* TodoList.xcdatamodel */ = {isa = PBXFileReference; lastKnownFileType = wrapper.xcdatamodel; path = TodoList.xcdatamodel; sourceTree = "<group>"; };
		87801D97287DE3D40019F3E1 /* Assets.xcassets */ = {isa = PBXFileReference; lastKnownFileType = folder.assetcatalog; path = Assets.xcassets; sourceTree = "<group>"; };
		87801D9A287DE3D40019F3E1 /* Base */ = {isa = PBXFileReference; lastKnownFileType = file.storyboard; name = Base; path = Base.lproj/LaunchScreen.storyboard; sourceTree = "<group>"; };
		87801D9C287DE3D40019F3E1 /* Info.plist */ = {isa = PBXFileReference; lastKnownFileType = text.plist.xml; path = Info.plist; sourceTree = "<group>"; };
		87801DA2287F21100019F3E1 /* TableViewController.swift */ = {isa = PBXFileReference; lastKnownFileType = sourcecode.swift; path = TableViewController.swift; sourceTree = "<group>"; };
		87801DA4287F25700019F3E1 /* TableViewCell.swift */ = {isa = PBXFileReference; lastKnownFileType = sourcecode.swift; path = TableViewCell.swift; sourceTree = "<group>"; };
		87801DA9288028B30019F3E1 /* ColorData.swift */ = {isa = PBXFileReference; lastKnownFileType = sourcecode.swift; path = ColorData.swift; sourceTree = "<group>"; };
		87801DAB28802C440019F3E1 /* CategoryData.swift */ = {isa = PBXFileReference; lastKnownFileType = sourcecode.swift; path = CategoryData.swift; sourceTree = "<group>"; };
		87801DAD288133A40019F3E1 /* ItemTableViewController.swift */ = {isa = PBXFileReference; lastKnownFileType = sourcecode.swift; path = ItemTableViewController.swift; sourceTree = "<group>"; };
		87801DAF288133B70019F3E1 /* ItemTableViewCell.swift */ = {isa = PBXFileReference; lastKnownFileType = sourcecode.swift; path = ItemTableViewCell.swift; sourceTree = "<group>"; };
		87801DB1288134C20019F3E1 /* ItemData.swift */ = {isa = PBXFileReference; lastKnownFileType = sourcecode.swift; path = ItemData.swift; sourceTree = "<group>"; };
/* End PBXFileReference section */

/* Begin PBXFrameworksBuildPhase section */
		87801D85287DE3D30019F3E1 /* Frameworks */ = {
			isa = PBXFrameworksBuildPhase;
			buildActionMask = 2147483647;
			files = (
			);
			runOnlyForDeploymentPostprocessing = 0;
		};
/* End PBXFrameworksBuildPhase section */

/* Begin PBXGroup section */
		87801D7F287DE3D30019F3E1 = {
			isa = PBXGroup;
			children = (
				87801D8A287DE3D30019F3E1 /* TodoList */,
				87801D89287DE3D30019F3E1 /* Products */,
			);
			sourceTree = "<group>";
		};
		87801D89287DE3D30019F3E1 /* Products */ = {
			isa = PBXGroup;
			children = (
				87801D88287DE3D30019F3E1 /* TodoList.app */,
			);
			name = Products;
			sourceTree = "<group>";
		};
		87801D8A287DE3D30019F3E1 /* TodoList */ = {
			isa = PBXGroup;
			children = (
				87801DA82880288E0019F3E1 /* Model */,
				87801D8B287DE3D30019F3E1 /* AppDelegate.swift */,
				87801D8D287DE3D30019F3E1 /* SceneDelegate.swift */,
				87801D8F287DE3D30019F3E1 /* ViewController.swift */,
				87801D91287DE3D30019F3E1 /* Main.storyboard */,
				87801D97287DE3D40019F3E1 /* Assets.xcassets */,
				87801D99287DE3D40019F3E1 /* LaunchScreen.storyboard */,
				87801D9C287DE3D40019F3E1 /* Info.plist */,
				87801D94287DE3D30019F3E1 /* TodoList.xcdatamodeld */,
				87801DA2287F21100019F3E1 /* TableViewController.swift */,
				87801DA4287F25700019F3E1 /* TableViewCell.swift */,
				87801DAD288133A40019F3E1 /* ItemTableViewController.swift */,
				87801DAF288133B70019F3E1 /* ItemTableViewCell.swift */,
			);
			path = TodoList;
			sourceTree = "<group>";
		};
		87801DA82880288E0019F3E1 /* Model */ = {
			isa = PBXGroup;
			children = (
				87801DA9288028B30019F3E1 /* ColorData.swift */,
				87801DAB28802C440019F3E1 /* CategoryData.swift */,
				87801DB1288134C20019F3E1 /* ItemData.swift */,
			);
			path = Model;
			sourceTree = "<group>";
		};
/* End PBXGroup section */

/* Begin PBXNativeTarget section */
		87801D87287DE3D30019F3E1 /* TodoList */ = {
			isa = PBXNativeTarget;
			buildConfigurationList = 87801D9F287DE3D40019F3E1 /* Build configuration list for PBXNativeTarget "TodoList" */;
			buildPhases = (
				87801D84287DE3D30019F3E1 /* Sources */,
				87801D85287DE3D30019F3E1 /* Frameworks */,
				87801D86287DE3D30019F3E1 /* Resources */,
			);
			buildRules = (
			);
			dependencies = (
			);
			name = TodoList;
			productName = TodoList;
			productReference = 87801D88287DE3D30019F3E1 /* TodoList.app */;
			productType = "com.apple.product-type.application";
		};
/* End PBXNativeTarget section */

/* Begin PBXProject section */
		87801D80287DE3D30019F3E1 /* Project object */ = {
			isa = PBXProject;
			attributes = {
				BuildIndependentTargetsInParallel = 1;
				LastSwiftUpdateCheck = 1340;
				LastUpgradeCheck = 1340;
				TargetAttributes = {
					87801D87287DE3D30019F3E1 = {
						CreatedOnToolsVersion = 13.4.1;
					};
				};
			};
			buildConfigurationList = 87801D83287DE3D30019F3E1 /* Build configuration list for PBXProject "TodoList" */;
			compatibilityVersion = "Xcode 13.0";
			developmentRegion = en;
			hasScannedForEncodings = 0;
			knownRegions = (
				en,
				Base,
			);
			mainGroup = 87801D7F287DE3D30019F3E1;
			productRefGroup = 87801D89287DE3D30019F3E1 /* Products */;
			projectDirPath = "";
			projectRoot = "";
			targets = (
				87801D87287DE3D30019F3E1 /* TodoList */,
			);
		};
/* End PBXProject section */

/* Begin PBXResourcesBuildPhase section */
		87801D86287DE3D30019F3E1 /* Resources */ = {
			isa = PBXResourcesBuildPhase;
			buildActionMask = 2147483647;
			files = (
				87801D9B287DE3D40019F3E1 /* LaunchScreen.storyboard in Resources */,
				87801D98287DE3D40019F3E1 /* Assets.xcassets in Resources */,
				87801D93287DE3D30019F3E1 /* Main.storyboard in Resources */,
			);
			runOnlyForDeploymentPostprocessing = 0;
		};
/* End PBXResourcesBuildPhase section */

/* Begin PBXSourcesBuildPhase section */
		87801D84287DE3D30019F3E1 /* Sources */ = {
			isa = PBXSourcesBuildPhase;
			buildActionMask = 2147483647;
			files = (
				87801D90287DE3D30019F3E1 /* ViewController.swift in Sources */,
				87801DAE288133A40019F3E1 /* ItemTableViewController.swift in Sources */,
				87801DB0288133B70019F3E1 /* ItemTableViewCell.swift in Sources */,
				87801D8C287DE3D30019F3E1 /* AppDelegate.swift in Sources */,
				87801DAC28802C440019F3E1 /* CategoryData.swift in Sources */,
				87801D8E287DE3D30019F3E1 /* SceneDelegate.swift in Sources */,
				87801DAA288028B30019F3E1 /* ColorData.swift in Sources */,
				87801DA5287F25700019F3E1 /* TableViewCell.swift in Sources */,
				87801DA3287F21100019F3E1 /* TableViewController.swift in Sources */,
				87801D96287DE3D30019F3E1 /* TodoList.xcdatamodeld in Sources */,
				87801DB2288134C20019F3E1 /* ItemData.swift in Sources */,
			);
			runOnlyForDeploymentPostprocessing = 0;
		};
/* End PBXSourcesBuildPhase section */

/* Begin PBXVariantGroup section */
		87801D91287DE3D30019F3E1 /* Main.storyboard */ = {
			isa = PBXVariantGroup;
			children = (
				87801D92287DE3D30019F3E1 /* Base */,
			);
			name = Main.storyboard;
			sourceTree = "<group>";
		};
		87801D99287DE3D40019F3E1 /* LaunchScreen.storyboard */ = {
			isa = PBXVariantGroup;
			children = (
				87801D9A287DE3D40019F3E1 /* Base */,
			);
			name = LaunchScreen.storyboard;
			sourceTree = "<group>";
		};
/* End PBXVariantGroup section */

/* Begin XCBuildConfiguration section */
		87801D9D287DE3D40019F3E1 /* Debug */ = {
			isa = XCBuildConfiguration;
			buildSettings = {
				ALWAYS_SEARCH_USER_PATHS = NO;
				CLANG_ANALYZER_NONNULL = YES;
				CLANG_ANALYZER_NUMBER_OBJECT_CONVERSION = YES_AGGRESSIVE;
				CLANG_CXX_LANGUAGE_STANDARD = "gnu++17";
				CLANG_ENABLE_MODULES = YES;
				CLANG_ENABLE_OBJC_ARC = YES;
				CLANG_ENABLE_OBJC_WEAK = YES;
				CLANG_WARN_BLOCK_CAPTURE_AUTORELEASING = YES;
				CLANG_WARN_BOOL_CONVERSION = YES;
				CLANG_WARN_COMMA = YES;
				CLANG_WARN_CONSTANT_CONVERSION = YES;
				CLANG_WARN_DEPRECATED_OBJC_IMPLEMENTATIONS = YES;
				CLANG_WARN_DIRECT_OBJC_ISA_USAGE = YES_ERROR;
				CLANG_WARN_DOCUMENTATION_COMMENTS = YES;
				CLANG_WARN_EMPTY_BODY = YES;
				CLANG_WARN_ENUM_CONVERSION = YES;
				CLANG_WARN_INFINITE_RECURSION = YES;
				CLANG_WARN_INT_CONVERSION = YES;
				CLANG_WARN_NON_LITERAL_NULL_CONVERSION = YES;
				CLANG_WARN_OBJC_IMPLICIT_RETAIN_SELF = YES;
				CLANG_WARN_OBJC_LITERAL_CONVERSION = YES;
				CLANG_WARN_OBJC_ROOT_CLASS = YES_ERROR;
				CLANG_WARN_QUOTED_INCLUDE_IN_FRAMEWORK_HEADER = YES;
				CLANG_WARN_RANGE_LOOP_ANALYSIS = YES;
				CLANG_WARN_STRICT_PROTOTYPES = YES;
				CLANG_WARN_SUSPICIOUS_MOVE = YES;
				CLANG_WARN_UNGUARDED_AVAILABILITY = YES_AGGRESSIVE;
				CLANG_WARN_UNREACHABLE_CODE = YES;
				CLANG_WARN__DUPLICATE_METHOD_MATCH = YES;
				COPY_PHASE_STRIP = NO;
				DEBUG_INFORMATION_FORMAT = dwarf;
				ENABLE_STRICT_OBJC_MSGSEND = YES;
				ENABLE_TESTABILITY = YES;
				GCC_C_LANGUAGE_STANDARD = gnu11;
				GCC_DYNAMIC_NO_PIC = NO;
				GCC_NO_COMMON_BLOCKS = YES;
				GCC_OPTIMIZATION_LEVEL = 0;
				GCC_PREPROCESSOR_DEFINITIONS = (
					"DEBUG=1",
					"$(inherited)",
				);
				GCC_WARN_64_TO_32_BIT_CONVERSION = YES;
				GCC_WARN_ABOUT_RETURN_TYPE = YES_ERROR;
				GCC_WARN_UNDECLARED_SELECTOR = YES;
				GCC_WARN_UNINITIALIZED_AUTOS = YES_AGGRESSIVE;
				GCC_WARN_UNUSED_FUNCTION = YES;
				GCC_WARN_UNUSED_VARIABLE = YES;
				IPHONEOS_DEPLOYMENT_TARGET = 15.5;
				MTL_ENABLE_DEBUG_INFO = INCLUDE_SOURCE;
				MTL_FAST_MATH = YES;
				ONLY_ACTIVE_ARCH = YES;
				SDKROOT = iphoneos;
				SWIFT_ACTIVE_COMPILATION_CONDITIONS = DEBUG;
				SWIFT_OPTIMIZATION_LEVEL = "-Onone";
			};
			name = Debug;
		};
		87801D9E287DE3D40019F3E1 /* Release */ = {
			isa = XCBuildConfiguration;
			buildSettings = {
				ALWAYS_SEARCH_USER_PATHS = NO;
				CLANG_ANALYZER_NONNULL = YES;
				CLANG_ANALYZER_NUMBER_OBJECT_CONVERSION = YES_AGGRESSIVE;
				CLANG_CXX_LANGUAGE_STANDARD = "gnu++17";
				CLANG_ENABLE_MODULES = YES;
				CLANG_ENABLE_OBJC_ARC = YES;
				CLANG_ENABLE_OBJC_WEAK = YES;
				CLANG_WARN_BLOCK_CAPTURE_AUTORELEASING = YES;
				CLANG_WARN_BOOL_CONVERSION = YES;
				CLANG_WARN_COMMA = YES;
				CLANG_WARN_CONSTANT_CONVERSION = YES;
				CLANG_WARN_DEPRECATED_OBJC_IMPLEMENTATIONS = YES;
				CLANG_WARN_DIRECT_OBJC_ISA_USAGE = YES_ERROR;
				CLANG_WARN_DOCUMENTATION_COMMENTS = YES;
				CLANG_WARN_EMPTY_BODY = YES;
				CLANG_WARN_ENUM_CONVERSION = YES;
				CLANG_WARN_INFINITE_RECURSION = YES;
				CLANG_WARN_INT_CONVERSION = YES;
				CLANG_WARN_NON_LITERAL_NULL_CONVERSION = YES;
				CLANG_WARN_OBJC_IMPLICIT_RETAIN_SELF = YES;
				CLANG_WARN_OBJC_LITERAL_CONVERSION = YES;
				CLANG_WARN_OBJC_ROOT_CLASS = YES_ERROR;
				CLANG_WARN_QUOTED_INCLUDE_IN_FRAMEWORK_HEADER = YES;
				CLANG_WARN_RANGE_LOOP_ANALYSIS = YES;
				CLANG_WARN_STRICT_PROTOTYPES = YES;
				CLANG_WARN_SUSPICIOUS_MOVE = YES;
				CLANG_WARN_UNGUARDED_AVAILABILITY = YES_AGGRESSIVE;
				CLANG_WARN_UNREACHABLE_CODE = YES;
				CLANG_WARN__DUPLICATE_METHOD_MATCH = YES;
				COPY_PHASE_STRIP = NO;
				DEBUG_INFORMATION_FORMAT = "dwarf-with-dsym";
				ENABLE_NS_ASSERTIONS = NO;
				ENABLE_STRICT_OBJC_MSGSEND = YES;
				GCC_C_LANGUAGE_STANDARD = gnu11;
				GCC_NO_COMMON_BLOCKS = YES;
				GCC_WARN_64_TO_32_BIT_CONVERSION = YES;
				GCC_WARN_ABOUT_RETURN_TYPE = YES_ERROR;
				GCC_WARN_UNDECLARED_SELECTOR = YES;
				GCC_WARN_UNINITIALIZED_AUTOS = YES_AGGRESSIVE;
				GCC_WARN_UNUSED_FUNCTION = YES;
				GCC_WARN_UNUSED_VARIABLE = YES;
				IPHONEOS_DEPLOYMENT_TARGET = 15.5;
				MTL_ENABLE_DEBUG_INFO = NO;
				MTL_FAST_MATH = YES;
				SDKROOT = iphoneos;
				SWIFT_COMPILATION_MODE = wholemodule;
				SWIFT_OPTIMIZATION_LEVEL = "-O";
				VALIDATE_PRODUCT = YES;
			};
			name = Release;
		};
		87801DA0287DE3D40019F3E1 /* Debug */ = {
			isa = XCBuildConfiguration;
			buildSettings = {
				ASSETCATALOG_COMPILER_APPICON_NAME = AppIcon;
				ASSETCATALOG_COMPILER_GLOBAL_ACCENT_COLOR_NAME = AccentColor;
				CODE_SIGN_STYLE = Automatic;
				CURRENT_PROJECT_VERSION = 1;
				DEVELOPMENT_TEAM = V295X7TJF4;
				GENERATE_INFOPLIST_FILE = YES;
				INFOPLIST_FILE = TodoList/Info.plist;
				INFOPLIST_KEY_UIApplicationSupportsIndirectInputEvents = YES;
				INFOPLIST_KEY_UILaunchStoryboardName = LaunchScreen;
				INFOPLIST_KEY_UIMainStoryboardFile = Main;
				INFOPLIST_KEY_UISupportedInterfaceOrientations_iPad = "UIInterfaceOrientationPortrait UIInterfaceOrientationPortraitUpsideDown UIInterfaceOrientationLandscapeLeft UIInterfaceOrientationLandscapeRight";
				INFOPLIST_KEY_UISupportedInterfaceOrientations_iPhone = "UIInterfaceOrientationPortrait UIInterfaceOrientationLandscapeLeft UIInterfaceOrientationLandscapeRight";
				LD_RUNPATH_SEARCH_PATHS = (
					"$(inherited)",
					"@executable_path/Frameworks",
				);
				MARKETING_VERSION = 1.0;
				PRODUCT_BUNDLE_IDENTIFIER = com.ajin.TodoList;
				PRODUCT_NAME = "$(TARGET_NAME)";
				SWIFT_EMIT_LOC_STRINGS = YES;
				SWIFT_VERSION = 5.0;
				TARGETED_DEVICE_FAMILY = "1,2";
			};
			name = Debug;
		};
		87801DA1287DE3D40019F3E1 /* Release */ = {
			isa = XCBuildConfiguration;
			buildSettings = {
				ASSETCATALOG_COMPILER_APPICON_NAME = AppIcon;
				ASSETCATALOG_COMPILER_GLOBAL_ACCENT_COLOR_NAME = AccentColor;
				CODE_SIGN_STYLE = Automatic;
				CURRENT_PROJECT_VERSION = 1;
				DEVELOPMENT_TEAM = V295X7TJF4;
				GENERATE_INFOPLIST_FILE = YES;
				INFOPLIST_FILE = TodoList/Info.plist;
				INFOPLIST_KEY_UIApplicationSupportsIndirectInputEvents = YES;
				INFOPLIST_KEY_UILaunchStoryboardName = LaunchScreen;
				INFOPLIST_KEY_UIMainStoryboardFile = Main;
				INFOPLIST_KEY_UISupportedInterfaceOrientations_iPad = "UIInterfaceOrientationPortrait UIInterfaceOrientationPortraitUpsideDown UIInterfaceOrientationLandscapeLeft UIInterfaceOrientationLandscapeRight";
				INFOPLIST_KEY_UISupportedInterfaceOrientations_iPhone = "UIInterfaceOrientationPortrait UIInterfaceOrientationLandscapeLeft UIInterfaceOrientationLandscapeRight";
				LD_RUNPATH_SEARCH_PATHS = (
					"$(inherited)",
					"@executable_path/Frameworks",
				);
				MARKETING_VERSION = 1.0;
				PRODUCT_BUNDLE_IDENTIFIER = com.ajin.TodoList;
				PRODUCT_NAME = "$(TARGET_NAME)";
				SWIFT_EMIT_LOC_STRINGS = YES;
				SWIFT_VERSION = 5.0;
				TARGETED_DEVICE_FAMILY = "1,2";
			};
			name = Release;
		};
/* End XCBuildConfiguration section */

/* Begin XCConfigurationList section */
		87801D83287DE3D30019F3E1 /* Build configuration list for PBXProject "TodoList" */ = {
			isa = XCConfigurationList;
			buildConfigurations = (
				87801D9D287DE3D40019F3E1 /* Debug */,
				87801D9E287DE3D40019F3E1 /* Release */,
			);
			defaultConfigurationIsVisible = 0;
			defaultConfigurationName = Release;
		};
		87801D9F287DE3D40019F3E1 /* Build configuration list for PBXNativeTarget "TodoList" */ = {
			isa = XCConfigurationList;
			buildConfigurations = (
				87801DA0287DE3D40019F3E1 /* Debug */,
				87801DA1287DE3D40019F3E1 /* Release */,
			);
			defaultConfigurationIsVisible = 0;
			defaultConfigurationName = Release;
		};
/* End XCConfigurationList section */

/* Begin XCVersionGroup section */
		87801D94287DE3D30019F3E1 /* TodoList.xcdatamodeld */ = {
			isa = XCVersionGroup;
			children = (
				87801D95287DE3D30019F3E1 /* TodoList.xcdatamodel */,
			);
			currentVersion = 87801D95287DE3D30019F3E1 /* TodoList.xcdatamodel */;
			path = TodoList.xcdatamodeld;
			sourceTree = "<group>";
			versionGroupType = wrapper.xcdatamodel;
		};
/* End XCVersionGroup section */
	};
	rootObject = 87801D80287DE3D30019F3E1 /* Project object */;
}
